
Microsoft Visual Studio Solution File, Format Version 12.00
# Visual Studio 15
VisualStudioVersion = 15.0.26730.8
MinimumVisualStudioVersion = 10.0.40219.1
Project("{9A19103F-16F7-4668-BE54-9A1E7A4F7556}") = "Empower.Mvc", "Empower.Mvc\Empower.Mvc.csproj", "{8D859DC9-6058-4601-B268-CA2F68132123}"
EndProject
Project("{9A19103F-16F7-4668-BE54-9A1E7A4F7556}") = "Empower.Services", "Empower.Services\Empower.Services.csproj", "{FEE48630-242D-4636-A371-0EBFF9DEBA61}"
EndProject
Project("{9A19103F-16F7-4668-BE54-9A1E7A4F7556}") = "Empower.Settings.Services", "Empower.Settings.Services\Empower.Settings.Services.csproj", "{F5F62C70-C783-438A-9874-9DCBB58180AD}"
EndProject
Project("{9A19103F-16F7-4668-BE54-9A1E7A4F7556}") = "Empower.Network.Services", "Empower.Network.Services\Empower.Network.Services.csproj", "{F4FE659D-CC05-45B2-8F4B-4B355A38FC1F}"
EndProject
Project("{9A19103F-16F7-4668-BE54-9A1E7A4F7556}") = "Empower.NHibernate.Entities", "Empower.NHibernate.Entities\Empower.NHibernate.Entities.csproj", "{255A0AA1-55A3-424A-A238-C9114213B578}"
EndProject
Project("{9A19103F-16F7-4668-BE54-9A1E7A4F7556}") = "Empower.NHibernate", "Empower.NHibernate\Empower.NHibernate.csproj", "{19614AE7-0850-44CC-93F3-237DE88F9D37}"
EndProject
Project("{FAE04EC0-301F-11D3-BF4B-00C04F79EFBC}") = "Empower.NHibernate.Setup", "Empower.NHibernate.Setup\Empower.NHibernate.Setup.csproj", "{7CAC7CE2-FBB2-4857-951C-2A2C14234EF5}"
EndProject
Project("{9A19103F-16F7-4668-BE54-9A1E7A4F7556}") = "Empower.Domain", "Empower.Domain\Empower.Domain.csproj", "{BD59A27B-C905-4790-A742-24FBAAF3B911}"
EndProject
Global
	GlobalSection(SolutionConfigurationPlatforms) = preSolution
		Debug|Any CPU = Debug|Any CPU
		Release|Any CPU = Release|Any CPU
	EndGlobalSection
	GlobalSection(ProjectConfigurationPlatforms) = postSolution
		{8D859DC9-6058-4601-B268-CA2F68132123}.Debug|Any CPU.ActiveCfg = Debug|Any CPU
		{8D859DC9-6058-4601-B268-CA2F68132123}.Debug|Any CPU.Build.0 = Debug|Any CPU
		{8D859DC9-6058-4601-B268-CA2F68132123}.Release|Any CPU.ActiveCfg = Release|Any CPU
		{8D859DC9-6058-4601-B268-CA2F68132123}.Release|Any CPU.Build.0 = Release|Any CPU
		{FEE48630-242D-4636-A371-0EBFF9DEBA61}.Debug|Any CPU.ActiveCfg = Debug|Any CPU
		{FEE48630-242D-4636-A371-0EBFF9DEBA61}.Debug|Any CPU.Build.0 = Debug|Any CPU
		{FEE48630-242D-4636-A371-0EBFF9DEBA61}.Release|Any CPU.ActiveCfg = Release|Any CPU
		{FEE48630-242D-4636-A371-0EBFF9DEBA61}.Release|Any CPU.Build.0 = Release|Any CPU
		{F5F62C70-C783-438A-9874-9DCBB58180AD}.Debug|Any CPU.ActiveCfg = Debug|Any CPU
		{F5F62C70-C783-438A-9874-9DCBB58180AD}.Debug|Any CPU.Build.0 = Debug|Any CPU
		{F5F62C70-C783-438A-9874-9DCBB58180AD}.Release|Any CPU.ActiveCfg = Release|Any CPU
		{F5F62C70-C783-438A-9874-9DCBB58180AD}.Release|Any CPU.Build.0 = Release|Any CPU
		{F4FE659D-CC05-45B2-8F4B-4B355A38FC1F}.Debug|Any CPU.ActiveCfg = Debug|Any CPU
		{F4FE659D-CC05-45B2-8F4B-4B355A38FC1F}.Debug|Any CPU.Build.0 = Debug|Any CPU
		{F4FE659D-CC05-45B2-8F4B-4B355A38FC1F}.Release|Any CPU.ActiveCfg = Release|Any CPU
		{F4FE659D-CC05-45B2-8F4B-4B355A38FC1F}.Release|Any CPU.Build.0 = Release|Any CPU
		{255A0AA1-55A3-424A-A238-C9114213B578}.Debug|Any CPU.ActiveCfg = Debug|Any CPU
		{255A0AA1-55A3-424A-A238-C9114213B578}.Debug|Any CPU.Build.0 = Debug|Any CPU
		{255A0AA1-55A3-424A-A238-C9114213B578}.Release|Any CPU.ActiveCfg = Release|Any CPU
		{255A0AA1-55A3-424A-A238-C9114213B578}.Release|Any CPU.Build.0 = Release|Any CPU
		{19614AE7-0850-44CC-93F3-237DE88F9D37}.Debug|Any CPU.ActiveCfg = Debug|Any CPU
		{19614AE7-0850-44CC-93F3-237DE88F9D37}.Debug|Any CPU.Build.0 = Debug|Any CPU
		{19614AE7-0850-44CC-93F3-237DE88F9D37}.Release|Any CPU.ActiveCfg = Release|Any CPU
		{19614AE7-0850-44CC-93F3-237DE88F9D37}.Release|Any CPU.Build.0 = Release|Any CPU
		{7CAC7CE2-FBB2-4857-951C-2A2C14234EF5}.Debug|Any CPU.ActiveCfg = Debug|Any CPU
		{7CAC7CE2-FBB2-4857-951C-2A2C14234EF5}.Debug|Any CPU.Build.0 = Debug|Any CPU
		{7CAC7CE2-FBB2-4857-951C-2A2C14234EF5}.Release|Any CPU.ActiveCfg = Release|Any CPU
		{7CAC7CE2-FBB2-4857-951C-2A2C14234EF5}.Release|Any CPU.Build.0 = Release|Any CPU
		{BD59A27B-C905-4790-A742-24FBAAF3B911}.Debug|Any CPU.ActiveCfg = Debug|Any CPU
		{BD59A27B-C905-4790-A742-24FBAAF3B911}.Debug|Any CPU.Build.0 = Debug|Any CPU
		{BD59A27B-C905-4790-A742-24FBAAF3B911}.Release|Any CPU.ActiveCfg = Release|Any CPU
		{BD59A27B-C905-4790-A742-24FBAAF3B911}.Release|Any CPU.Build.0 = Release|Any CPU
	EndGlobalSection
	GlobalSection(SolutionProperties) = preSolution
		HideSolutionNode = FALSE
	EndGlobalSection
	GlobalSection(ExtensibilityGlobals) = postSolution
		SolutionGuid = {4FD333DD-C3ED-4D08-94F1-622483891094}
	EndGlobalSection
EndGlobal
